{
  "nodes": {
    "disko": {
      "inputs": {
        "nixpkgs": [
          "nixpkgs"
        ]
      },
      "locked": {
        "lastModified": 1789770686,
        "narHash": "sha256-uZkBR7yHdIKUFB5SZdfgh1qkGfI3XmYmI/lTiquxbck=",
        "owner": "nix-community",
        "repo": "disko",
        "rev": "725ea35e410ad83be4931d1bff7e090eacaf3563",
        "type": "github"
      },
      "original": {
        "owner": "nix-community",
        "repo": "disko",
        "type": "github"
      }
    },
    "display-layout": {
      "inputs": {
        "flake-parts": "flake-parts_2",
        "nixpkgs": [
          "nixosModules",
          "nixpkgs"
        ]
      },
      "locked": {
        "lastModified": 1784296753,
        "narHash": "sha256-641+1Gh+fvLzQ5O/RK5be++QO5/3WEemhxM3vToWWgM=",
        "owner": "johnrichardrinehart",
        "repo": "display-layout",
        "rev": "73e29c1be74ce90e22bd57f16197090c13c829a1",
        "type": "github"
      },
      "original": {
        "owner": "johnrichardrinehart",
        "repo": "display-layout",
        "type": "github"
      }
    },
    "flake-parts": {
      "inputs": {
        "nixpkgs-lib": "nixpkgs-lib"
      },
      "locked": {
        "lastModified": 1790898470,
        "narHash": "sha256-zTwuwezD0w3hpga6a6P8emidzAZFyWqlNeRBlpWOOl8=",
        "owner": "hercules-ci",
        "repo": "flake-parts",
        "rev": "024633cd702b10285db5cb19b40ad48d2399ba60",
        "type": "github"
      },
      "original": {
        "owner": "hercules-ci",
        "repo": "flake-parts",
        "type": "github"
      }
    },
    "flake-parts_2": {
      "inputs": {
        "nixpkgs-lib": [
          "nixosModules",
          "display-layout",
          "nixpkgs"
        ]
      },
      "locked": {
        "lastModified": 1782949081,
        "narHash": "sha256-vp6Y/Grm98ESt6ceOkWiHWyZRDV3J1RID4w+6NWK9yA=",
        "owner": "hercules-ci",
        "repo": "flake-parts",
        "rev": "17c9d6cdfc60c64f4ee8d306f9bc0b4ccb51481e",
        "type": "github"
      },
      "original": {
        "owner": "hercules-ci",
        "repo": "flake-parts",
        "type": "github"
      }
    },
    "flake-parts_3": {
      "inputs": {
        "nixpkgs-lib": "nixpkgs-lib_2"
      },
      "locked": {
        "lastModified": 1790898470,
        "narHash": "sha256-zTwuwezD0w3hpga6a6P8emidzAZFyWqlNeRBlpWOOl8=",
        "owner": "hercules-ci",
        "repo": "flake-parts",
        "rev": "024633cd702b10285db5cb19b40ad48d2399ba60",
        "type": "github"
      },
      "original": {
        "owner": "hercules-ci",
        "repo": "flake-parts",
        "type": "github"
      }
    },
    "flake-parts_4": {
      "inputs": {
        "nixpkgs-lib": [
          "nixosModules",
          "git-meld",
          "nixpkgs"
        ]
      },
      "locked": {
        "lastModified": 1782949081,
        "narHash": "sha256-vp6Y/Grm98ESt6ceOkWiHWyZRDV3J1RID4w+6NWK9yA=",
        "owner": "hercules-ci",
        "repo": "flake-parts",
        "rev": "17c9d6cdfc60c64f4ee8d306f9bc0b4ccb51481e",
        "type": "github"
      },
      "original": {
        "owner": "hercules-ci",
        "repo": "flake-parts",
        "type": "github"
      }
    },
    "flake-parts_5": {
      "inputs": {
        "nixpkgs-lib": [
          "nixosModules",
          "repo-manager",
          "nixpkgs"
        ]
      },
      "locked": {
        "lastModified": 1778716662,
        "narHash": "sha256-m1Yf0wZ8j1OHjTc2UwHwyQRSnNeSgLJOd7q5Y45hzi4=",
        "owner": "hercules-ci",
        "repo": "flake-parts",
        "rev": "f7c1a2d347e4c52d5fb8d10cb4d94b5884e546fb",
        "type": "github"
      },
      "original": {
        "owner": "hercules-ci",
        "repo": "flake-parts",
        "type": "github"
      }
    },
    "flake-parts_6": {
      "inputs": {
        "nixpkgs-lib": "nixpkgs-lib_3"
      },
      "locked": {
        "lastModified": 1775087534,
        "narHash": "sha256-91qqW8lhL7TLwgQWijoGBbiD4t7/q75KTi8NxjVmSmA=",
        "owner": "hercules-ci",
        "repo": "flake-parts",
        "rev": "3107b77cd68437b9a76194f0f7f9c55f2329ca5b",
        "type": "github"
      },
      "original": {
        "owner": "hercules-ci",
        "repo": "flake-parts",
        "type": "github"
      }
    },
    "git-meld": {
      "inputs": {
        "flake-parts": "flake-parts_4",
        "nixpkgs": [
          "nixosModules",
          "nixpkgs"
        ]
      },
      "locked": {
        "lastModified": 1785104366,
        "narHash": "sha256-NVJdPpSC9nVj38MzCr11deKOQP9wIehhcTsot0FtCiY=",
        "owner": "johnrichardrinehart",
        "repo": "git-meld",
        "rev": "70f093119137502d466433abb38f6d28fe751e17",
        "type": "github"
      },
      "original": {
        "owner": "johnrichardrinehart",
        "repo": "git-meld",
        "type": "github"
      }
    },
    "home-manager": {
      "inputs": {
        "nixpkgs": [
          "nixosModules",
          "nixpkgs"
        ]
      },
      "locked": {
        "lastModified": 1791468856,
        "narHash": "sha256-eAWe4+LEtV2c8MkzngXDdoPRvNqTE+e0rG46N1eih4M=",
        "owner": "johnrichardrinehart",
        "repo": "home-manager",
        "rev": "046faf374ad4fe9e489054c8e3342a23de2dd068",
        "type": "github"
      },
      "original": {
        "owner": "johnrichardrinehart",
        "ref": "release-26.05-overwrite-backup-rm-f",
        "repo": "home-manager",
        "type": "github"
      }
    },
    "home-manager_2": {
      "inputs": {
        "nixpkgs": [
          "nixosModules",
          "nixpkgs"
        ]
      },
      "locked": {
        "lastModified": 1790996401,
        "narHash": "sha256-f+kOxEmOUnQazVAmGg0i8hzwgd1kX/geY+k/Dpheye8=",
        "owner": "nix-community",
        "repo": "home-manager",
        "rev": "db7d5e2332710f5abb088f6b5de927d7f9511b35",
        "type": "github"
      },
      "original": {
        "owner": "nix-community",
        "ref": "release-26.05",
        "repo": "home-manager",
        "type": "github"
      }
    },
    "kitkat-rs": {
      "inputs": {
        "nixpkgs": [
          "nixosModules",
          "nixpkgs"
        ]
      },
      "locked": {
        "lastModified": 1788491401,
        "narHash": "sha256-L91GFhTISwoLH2MQt3lRrU7oQs7KEbYh2ktTS9r55yY=",
        "owner": "johnrichardrinehart",
        "repo": "kitkat-rs",
        "rev": "13fcbaca4595acfe8817cc456af9343c399073e6",
        "type": "github"
      },
      "original": {
        "owner": "johnrichardrinehart",
        "repo": "kitkat-rs",
        "type": "github"
      }
    },
    "monstar": {
      "inputs": {
        "nixpkgs": [
          "nixosModules",
          "nixpkgs"
        ]
      },
      "locked": {
        "lastModified": 1791469109,
        "narHash": "sha256-o4yk+OCmL7NKhbBzY5l9h5jAcYWTLUgjJBBB9m4dKYc=",
        "owner": "rockorager",
        "repo": "monstar",
        "rev": "fd1273d93ada46675fab555680f9a772b3442a03",
        "type": "github"
      },
      "original": {
        "owner": "rockorager",
        "repo": "monstar",
        "type": "github"
      }
    },
    "nix-darwin": {
      "inputs": {
        "nixpkgs": [
          "nixpkgs"
        ]
      },
      "locked": {
        "lastModified": 1783744694,
        "narHash": "sha256-2cp6N3rrwnGYLTx9l6N+NI+kwrCWxvJUbj5WJhvB29A=",
        "owner": "nix-darwin",
        "repo": "nix-darwin",
        "rev": "c3e90c89649b07d1a96e4b9dd6cd0d6e44b91a74",
        "type": "github"
      },
      "original": {
        "owner": "nix-darwin",
        "ref": "nix-darwin-26.05",
        "repo": "nix-darwin",
        "type": "github"
      }
    },
    "nixlib": {
      "locked": {
        "lastModified": 1736643958,
        "narHash": "sha256-tmpqTSWVRJVhpvfSN9KXBvKEXplrwKnSZNAoNPf/S/s=",
        "owner": "nix-community",
        "repo": "nixpkgs.lib",
        "rev": "1418bc28a52126761c02dd3d89b2d8ca0f521181",
        "type": "github"
      },
      "original": {
        "owner": "nix-community",
        "repo": "nixpkgs.lib",
        "type": "github"
      }
    },
    "nixos-generators": {
      "inputs": {
        "nixlib": "nixlib",
        "nixpkgs": [
          "nixosModules",
          "nixpkgs"
        ]
      },
      "locked": {
        "lastModified": 1769813415,
        "narHash": "sha256-nnVmNNKBi1YiBNPhKclNYDORoHkuKipoz7EtVnXO50A=",
        "owner": "nix-community",
        "repo": "nixos-generators",
        "rev": "8946737ff703382fda7623b9fab071d037e897d5",
        "type": "github"
      },
      "original": {
        "owner": "nix-community",
        "repo": "nixos-generators",
        "type": "github"
      }
    },
    "nixos-hardware": {
      "inputs": {
        "nixpkgs": [
          "nixosModules",
          "nixpkgs"
        ]
      },
      "locked": {
        "lastModified": 1791373788,
        "narHash": "sha256-c3oMt0QoE+4yiRk6u1m2L9ogjaUw0uTGn9yk808KkgE=",
        "owner": "NixOS",
        "repo": "nixos-hardware",
        "rev": "4bc63156b109ee7b4103e3ec30565c8c92bde435",
        "type": "github"
      },
      "original": {
        "owner": "NixOS",
        "repo": "nixos-hardware",
        "type": "github"
      }
    },
    "nixosModules": {
      "inputs": {
        "display-layout": "display-layout",
        "flake-parts": "flake-parts_3",
        "git-meld": "git-meld",
        "home-manager": "home-manager_2",
        "kitkat-rs": "kitkat-rs",
        "monstar": "monstar",
        "nixpkgs": [
          "nixpkgs"
        ],
        "repo-manager": "repo-manager",
        "sops-nix": "sops-nix"
      },
      "locked": {
        "lastModified": 1791476874,
        "narHash": "sha256-daEAOH2IixWP/uOq9PPbKsKoYLqUM6Rgz3lLZbfRx4w=",
        "owner": "johnrichardrinehart",
        "repo": "nixosModules",
        "rev": "e16fd7072a5dc5758e7b28331e488ebb531ddbd7",
        "type": "github"
      },
      "original": {
        "owner": "johnrichardrinehart",
        "repo": "nixosModules",
        "type": "github"
      }
    },
    "nixpkgs": {
      "locked": {
        "lastModified": 1791468683,
        "narHash": "sha256-UaeZMSv0r+xWoPdauUYQdNW7Dhyk0O0Mabg1ciTaVZE=",
        "owner": "johnrichardrinehart",
        "repo": "nixpkgs",
        "rev": "0bcd25d5af6684cbb98a76d981f21e92d88321de",
        "type": "github"
      },
      "original": {
        "owner": "johnrichardrinehart",
        "ref": "rock-5c-nixos-26.05",
        "repo": "nixpkgs",
        "type": "github"
      }
    },
    "nixpkgs-lib": {
      "locked": {
        "lastModified": 1790477367,
        "narHash": "sha256-oujbxmVKDhci2E4EM3KyAbRUgp5/IsCoiA/LfEF7OOk=",
        "owner": "nix-community",
        "repo": "nixpkgs.lib",
        "rev": "f7cd230690d9fc982d06129f9189b101fddcfa3b",
        "type": "github"
      },
      "original": {
        "owner": "nix-community",
        "repo": "nixpkgs.lib",
        "type": "github"
      }
    },
    "nixpkgs-lib_2": {
      "locked": {
        "lastModified": 1790477367,
        "narHash": "sha256-oujbxmVKDhci2E4EM3KyAbRUgp5/IsCoiA/LfEF7OOk=",
        "owner": "nix-community",
        "repo": "nixpkgs.lib",
        "rev": "f7cd230690d9fc982d06129f9189b101fddcfa3b",
        "type": "github"
      },
      "original": {
        "owner": "nix-community",
        "repo": "nixpkgs.lib",
        "type": "github"
      }
    },
    "nixpkgs-lib_3": {
      "locked": {
        "lastModified": 1774748309,
        "narHash": "sha256-+U7gF3qxzwD5TZuANzZPeJTZRHS29OFQgkQ2kiTJBIQ=",
        "owner": "nix-community",
        "repo": "nixpkgs.lib",
        "rev": "333c4e0545a6da976206c74db8773a1645b5870a",
        "type": "github"
      },
      "original": {
        "owner": "nix-community",
        "repo": "nixpkgs.lib",
        "type": "github"
      }
    },
    "repo-manager": {
      "inputs": {
        "flake-parts": "flake-parts_5",
        "nixpkgs": [
          "nixosModules",
          "nixpkgs"
        ],
        "rust-overlay": "rust-overlay"
      },
      "locked": {
        "lastModified": 1790176186,
        "narHash": "sha256-z4s5EFL4H8KKY8DlNngNIKGCIA3puZA/OuXCFIpLW0E=",
        "owner": "johnrichardrinehart",
        "repo": "repo-manager",
        "rev": "c0f6fcbf39558b1a898c3c0d37fdd8f52e978452",
        "type": "github"
      },
      "original": {
        "owner": "johnrichardrinehart",
        "repo": "repo-manager",
        "type": "github"
      }
    },
    "rock5c-nixos": {
      "inputs": {
        "flake-parts": "flake-parts_6",
        "nixpkgs": [
          "nixosModules",
          "nixpkgs"
        ]
      },
      "locked": {
        "lastModified": 1783353564,
        "narHash": "sha256-zCSsrf4Ft3bCBB5AMWAW7gFhvt7JxuZH95EO4HoWgUU=",
        "owner": "johnrichardrinehart",
        "repo": "rock5c-nixos",
        "rev": "ec61d586f256c93900445db18b3e660a0c9647a9",
        "type": "github"
      },
      "original": {
        "owner": "johnrichardrinehart",
        "repo": "rock5c-nixos",
        "type": "github"
      }
    },
    "root": {
      "inputs": {
        "disko": "disko",
        "flake-parts": "flake-parts",
        "home-manager": "home-manager",
        "nix-darwin": "nix-darwin",
        "nixos-generators": "nixos-generators",
        "nixos-hardware": "nixos-hardware",
        "nixosModules": "nixosModules",
        "nixpkgs": "nixpkgs",
        "rock5c-nixos": "rock5c-nixos",
        "sops-nix": "sops-nix_2"
      }
    },
    "rust-overlay": {
      "inputs": {
        "nixpkgs": [
          "nixosModules",
          "repo-manager",
          "nixpkgs"
        ]
      },
      "locked": {
        "lastModified": 1778815121,
        "narHash": "sha256-xlhD+1NVJbhrUUM2usRHW6iKWTXP2uw2Fo6sWJmLg8g=",
        "owner": "oxalica",
        "repo": "rust-overlay",
        "rev": "017351829a9356423afd2cca0dde9b63346c8ab3",
        "type": "github"
      },
      "original": {
        "owner": "oxalica",
        "repo": "rust-overlay",
        "type": "github"
      }
    },
    "sops-nix": {
      "inputs": {
        "nixpkgs": [
          "nixosModules",
          "nixpkgs"
        ]
      },
      "locked": {
        "lastModified": 1791103873,
        "narHash": "sha256-nFxM+pKoZ8LJAEnUXARyCaOAloWgaW9kZQOSjWzKcTE=",
        "owner": "mic92",
        "repo": "sops-nix",
        "rev": "dcd241ba97088c22569d1573286e1b9daad340c0",
        "type": "github"
      },
      "original": {
        "owner": "mic92",
        "repo": "sops-nix",
        "type": "github"
      }
    },
    "sops-nix_2": {
      "inputs": {
        "nixpkgs": [
          "nixosModules",
          "nixpkgs"
        ]
      },
      "locked": {
        "lastModified": 1791103873,
        "narHash": "sha256-nFxM+pKoZ8LJAEnUXARyCaOAloWgaW9kZQOSjWzKcTE=",
        "owner": "mic92",
        "repo": "sops-nix",
        "rev": "dcd241ba97088c22569d1573286e1b9daad340c0",
        "type": "github"
      },
      "original": {
        "owner": "mic92",
        "repo": "sops-nix",
        "type": "github"
      }
    }
  },
  "root": "root",
  "version": 7
}
