{
  "nodes": {
    "apple-silicon": {
      "inputs": {
        "flake-compat": "flake-compat",
        "nixpkgs": [
          "nixpkgs"
        ]
      },
      "locked": {
        "lastModified": 1789333811,
        "narHash": "sha256-KsDph8jHv532k1kotia49UBRPj9DcjzziGI18tG3X+A=",
        "owner": "nix-community",
        "repo": "nixos-apple-silicon",
        "rev": "75c719364914ae19f604f3ddbd8f499735d1c9ff",
        "type": "github"
      },
      "original": {
        "owner": "nix-community",
        "repo": "nixos-apple-silicon",
        "type": "github"
      }
    },
    "display-layout": {
      "inputs": {
        "flake-parts": "flake-parts_2",
        "nixpkgs": [
          "nixosModules",
          "nixpkgs"
        ]
      },
      "locked": {
        "lastModified": 1784296753,
        "narHash": "sha256-641+1Gh+fvLzQ5O/RK5be++QO5/3WEemhxM3vToWWgM=",
        "owner": "johnrichardrinehart",
        "repo": "display-layout",
        "rev": "73e29c1be74ce90e22bd57f16197090c13c829a1",
        "type": "github"
      },
      "original": {
        "owner": "johnrichardrinehart",
        "repo": "display-layout",
        "type": "github"
      }
    },
    "flake-compat": {
      "locked": {
        "lastModified": 1761640442,
        "narHash": "sha256-AtrEP6Jmdvrqiv4x2xa5mrtaIp3OEe8uBYCDZDS+hu8=",
        "owner": "nix-community",
        "repo": "flake-compat",
        "rev": "4a56054d8ffc173222d09dad23adf4ba946c8884",
        "type": "github"
      },
      "original": {
        "owner": "nix-community",
        "repo": "flake-compat",
        "type": "github"
      }
    },
    "flake-parts": {
      "inputs": {
        "nixpkgs-lib": "nixpkgs-lib"
      },
      "locked": {
        "lastModified": 1788450739,
        "narHash": "sha256-glZLQlzIn1fXH6PazR2iUmTo7kzzyYSshrWhLS9TqCU=",
        "owner": "hercules-ci",
        "repo": "flake-parts",
        "rev": "31729ca8cbdb4fa927b34e5f4353e6a83f39e993",
        "type": "github"
      },
      "original": {
        "owner": "hercules-ci",
        "repo": "flake-parts",
        "type": "github"
      }
    },
    "flake-parts_2": {
      "inputs": {
        "nixpkgs-lib": [
          "nixosModules",
          "display-layout",
          "nixpkgs"
        ]
      },
      "locked": {
        "lastModified": 1788450739,
        "narHash": "sha256-glZLQlzIn1fXH6PazR2iUmTo7kzzyYSshrWhLS9TqCU=",
        "owner": "hercules-ci",
        "repo": "flake-parts",
        "rev": "31729ca8cbdb4fa927b34e5f4353e6a83f39e993",
        "type": "github"
      },
      "original": {
        "owner": "hercules-ci",
        "repo": "flake-parts",
        "type": "github"
      }
    },
    "flake-parts_3": {
      "inputs": {
        "nixpkgs-lib": "nixpkgs-lib_2"
      },
      "locked": {
        "lastModified": 1788450739,
        "narHash": "sha256-glZLQlzIn1fXH6PazR2iUmTo7kzzyYSshrWhLS9TqCU=",
        "owner": "hercules-ci",
        "repo": "flake-parts",
        "rev": "31729ca8cbdb4fa927b34e5f4353e6a83f39e993",
        "type": "github"
      },
      "original": {
        "owner": "hercules-ci",
        "repo": "flake-parts",
        "type": "github"
      }
    },
    "flake-parts_4": {
      "inputs": {
        "nixpkgs-lib": [
          "nixosModules",
          "git-meld",
          "nixpkgs"
        ]
      },
      "locked": {
        "lastModified": 1788450739,
        "narHash": "sha256-glZLQlzIn1fXH6PazR2iUmTo7kzzyYSshrWhLS9TqCU=",
        "owner": "hercules-ci",
        "repo": "flake-parts",
        "rev": "31729ca8cbdb4fa927b34e5f4353e6a83f39e993",
        "type": "github"
      },
      "original": {
        "owner": "hercules-ci",
        "repo": "flake-parts",
        "type": "github"
      }
    },
    "flake-parts_5": {
      "inputs": {
        "nixpkgs-lib": [
          "nixosModules",
          "repo-manager",
          "nixpkgs"
        ]
      },
      "locked": {
        "lastModified": 1788450739,
        "narHash": "sha256-glZLQlzIn1fXH6PazR2iUmTo7kzzyYSshrWhLS9TqCU=",
        "owner": "hercules-ci",
        "repo": "flake-parts",
        "rev": "31729ca8cbdb4fa927b34e5f4353e6a83f39e993",
        "type": "github"
      },
      "original": {
        "owner": "hercules-ci",
        "repo": "flake-parts",
        "type": "github"
      }
    },
    "flake-parts_6": {
      "inputs": {
        "nixpkgs-lib": "nixpkgs-lib_3"
      },
      "locked": {
        "lastModified": 1775087534,
        "narHash": "sha256-91qqW8lhL7TLwgQWijoGBbiD4t7/q75KTi8NxjVmSmA=",
        "owner": "hercules-ci",
        "repo": "flake-parts",
        "rev": "3107b77cd68437b9a76194f0f7f9c55f2329ca5b",
        "type": "github"
      },
      "original": {
        "owner": "hercules-ci",
        "repo": "flake-parts",
        "type": "github"
      }
    },
    "git-meld": {
      "inputs": {
        "flake-parts": "flake-parts_4",
        "nixpkgs": [
          "nixosModules",
          "nixpkgs"
        ]
      },
      "locked": {
        "lastModified": 1785104366,
        "narHash": "sha256-NVJdPpSC9nVj38MzCr11deKOQP9wIehhcTsot0FtCiY=",
        "owner": "johnrichardrinehart",
        "repo": "git-meld",
        "rev": "70f093119137502d466433abb38f6d28fe751e17",
        "type": "github"
      },
      "original": {
        "owner": "johnrichardrinehart",
        "repo": "git-meld",
        "type": "github"
      }
    },
    "home-manager": {
      "inputs": {
        "nixpkgs": [
          "nixosModules",
          "nixpkgs"
        ]
      },
      "locked": {
        "lastModified": 1788642154,
        "narHash": "sha256-sPpQFVaFTDqO/4vvCAhuAhqTgqN/ygu+9eJcs5eB0js=",
        "owner": "nix-community",
        "repo": "home-manager",
        "rev": "fd0956c99c41ae3c13a73a638f1f7e963aebc4ab",
        "type": "github"
      },
      "original": {
        "owner": "nix-community",
        "ref": "release-26.05",
        "repo": "home-manager",
        "type": "github"
      }
    },
    "home-manager_2": {
      "inputs": {
        "nixpkgs": [
          "nixosModules",
          "nixpkgs"
        ]
      },
      "locked": {
        "lastModified": 1789267039,
        "narHash": "sha256-LWiBv9yAYFi2LPbUhDGHPGKYskJQjj2fw12OlyO1uQo=",
        "owner": "nix-community",
        "repo": "home-manager",
        "rev": "ec172013fa62135f58fb58dd17ae9651e8f39727",
        "type": "github"
      },
      "original": {
        "owner": "nix-community",
        "ref": "release-26.05",
        "repo": "home-manager",
        "type": "github"
      }
    },
    "kitkat-rs": {
      "inputs": {
        "nixpkgs": [
          "nixosModules",
          "nixpkgs"
        ]
      },
      "locked": {
        "lastModified": 1788491401,
        "narHash": "sha256-L91GFhTISwoLH2MQt3lRrU7oQs7KEbYh2ktTS9r55yY=",
        "owner": "johnrichardrinehart",
        "repo": "kitkat-rs",
        "rev": "13fcbaca4595acfe8817cc456af9343c399073e6",
        "type": "github"
      },
      "original": {
        "owner": "johnrichardrinehart",
        "repo": "kitkat-rs",
        "type": "github"
      }
    },
    "monstar": {
      "inputs": {
        "nixpkgs": [
          "nixosModules",
          "nixpkgs"
        ]
      },
      "locked": {
        "lastModified": 1788567844,
        "narHash": "sha256-iPxqa5nTvu0PiLjCF1sBqEu+kBvcQ98xVtxg8Q8D604=",
        "owner": "rockorager",
        "repo": "monstar",
        "rev": "6cf9c9f3b5f297cfdc2798484b324187d6ce9dc5",
        "type": "github"
      },
      "original": {
        "owner": "rockorager",
        "repo": "monstar",
        "rev": "6cf9c9f3b5f297cfdc2798484b324187d6ce9dc5",
        "type": "github"
      }
    },
    "nixlib": {
      "locked": {
        "lastModified": 1736643958,
        "narHash": "sha256-tmpqTSWVRJVhpvfSN9KXBvKEXplrwKnSZNAoNPf/S/s=",
        "owner": "nix-community",
        "repo": "nixpkgs.lib",
        "rev": "1418bc28a52126761c02dd3d89b2d8ca0f521181",
        "type": "github"
      },
      "original": {
        "owner": "nix-community",
        "repo": "nixpkgs.lib",
        "type": "github"
      }
    },
    "nixos-generators": {
      "inputs": {
        "nixlib": "nixlib",
        "nixpkgs": [
          "nixosModules",
          "nixpkgs"
        ]
      },
      "locked": {
        "lastModified": 1769813415,
        "narHash": "sha256-nnVmNNKBi1YiBNPhKclNYDORoHkuKipoz7EtVnXO50A=",
        "owner": "nix-community",
        "repo": "nixos-generators",
        "rev": "8946737ff703382fda7623b9fab071d037e897d5",
        "type": "github"
      },
      "original": {
        "owner": "nix-community",
        "repo": "nixos-generators",
        "type": "github"
      }
    },
    "nixos-hardware": {
      "inputs": {
        "nixpkgs": [
          "nixosModules",
          "nixpkgs"
        ]
      },
      "locked": {
        "lastModified": 1788860136,
        "narHash": "sha256-MhPMOFV4pVkygWEbQ8t1De/uQ9cWF1u++tRe2L5tG48=",
        "owner": "NixOS",
        "repo": "nixos-hardware",
        "rev": "62173785b9a18c78b4a15aca2623d02bceb9d077",
        "type": "github"
      },
      "original": {
        "owner": "NixOS",
        "repo": "nixos-hardware",
        "type": "github"
      }
    },
    "nixosModules": {
      "inputs": {
        "display-layout": "display-layout",
        "flake-parts": "flake-parts_3",
        "git-meld": "git-meld",
        "home-manager": "home-manager_2",
        "kitkat-rs": "kitkat-rs",
        "monstar": "monstar",
        "nixpkgs": [
          "nixpkgs"
        ],
        "sops-nix": "sops-nix"
      },
      "locked": {
        "lastModified": 1789905702,
        "narHash": "sha256-Hj2Y22zDsKKpp6aBR8V+I6ouugJB6SRGuoQl44AQo98=",
        "owner": "johnrichardrinehart",
        "repo": "nixosModules",
        "rev": "7ab87fdc1e5e22f709b12985af35729f320ac97e",
        "type": "github"
      },
      "original": {
        "owner": "johnrichardrinehart",
        "repo": "nixosModules",
        "type": "github"
      }
    },
    "nixpkgs": {
      "locked": {
        "lastModified": 1788576296,
        "narHash": "sha256-ba/K27PbdqLexPz/goQNV/LPLGLEtUAjdxsraR1vdJI=",
        "owner": "johnrichardrinehart",
        "repo": "nixpkgs",
        "rev": "3cbb62194f2f3fce1bce5c60d70b2a70d2a47ae2",
        "type": "github"
      },
      "original": {
        "owner": "johnrichardrinehart",
        "repo": "nixpkgs",
        "rev": "3cbb62194f2f3fce1bce5c60d70b2a70d2a47ae2",
        "type": "github"
      }
    },
    "nixpkgs-lib": {
      "locked": {
        "lastModified": 1788057806,
        "narHash": "sha256-DTQSMxzDWmT0zhguthvegnVkn7CFqGCv4IHCzk5ZUpM=",
        "owner": "nix-community",
        "repo": "nixpkgs.lib",
        "rev": "596e2e3940e09b2abbeb03f75fa1828c57fcd72c",
        "type": "github"
      },
      "original": {
        "owner": "nix-community",
        "repo": "nixpkgs.lib",
        "type": "github"
      }
    },
    "nixpkgs-lib_2": {
      "locked": {
        "lastModified": 1789871957,
        "narHash": "sha256-cY6TV3IPWCsvJP+EPLvX2rRJa8YNXuybodVy1mY2L1E=",
        "owner": "nix-community",
        "repo": "nixpkgs.lib",
        "rev": "5bdaa90a7fb7ae9892329e23f1474add69e092fe",
        "type": "github"
      },
      "original": {
        "owner": "nix-community",
        "repo": "nixpkgs.lib",
        "type": "github"
      }
    },
    "nixpkgs-lib_3": {
      "locked": {
        "lastModified": 1774748309,
        "narHash": "sha256-+U7gF3qxzwD5TZuANzZPeJTZRHS29OFQgkQ2kiTJBIQ=",
        "owner": "nix-community",
        "repo": "nixpkgs.lib",
        "rev": "333c4e0545a6da976206c74db8773a1645b5870a",
        "type": "github"
      },
      "original": {
        "owner": "nix-community",
        "repo": "nixpkgs.lib",
        "type": "github"
      }
    },
    "repo-manager": {
      "inputs": {
        "flake-parts": "flake-parts_5",
        "nixpkgs": [
          "nixosModules",
          "nixpkgs"
        ],
        "rust-overlay": "rust-overlay"
      },
      "locked": {
        "lastModified": 1789866831,
        "narHash": "sha256-zs6WY2+R0ECaLsLMF5dMlym2Sw3lzZ5z1uFyJ307nbU=",
        "owner": "johnrichardrinehart",
        "repo": "repo-manager",
        "rev": "0e88dbc4ab26450da01cb8e6c13670da30007c92",
        "type": "github"
      },
      "original": {
        "owner": "johnrichardrinehart",
        "repo": "repo-manager",
        "type": "github"
      }
    },
    "rock5c-nixos": {
      "inputs": {
        "flake-parts": "flake-parts_5",
        "nixpkgs": [
          "nixosModules",
          "nixpkgs"
        ]
      },
      "locked": {
        "lastModified": 1783353564,
        "narHash": "sha256-zCSsrf4Ft3bCBB5AMWAW7gFhvt7JxuZH95EO4HoWgUU=",
        "owner": "johnrichardrinehart",
        "repo": "rock5c-nixos",
        "rev": "ec61d586f256c93900445db18b3e660a0c9647a9",
        "type": "github"
      },
      "original": {
        "owner": "johnrichardrinehart",
        "repo": "rock5c-nixos",
        "type": "github"
      }
    },
    "root": {
      "inputs": {
        "apple-silicon": "apple-silicon",
        "flake-parts": "flake-parts",
        "home-manager": "home-manager",
        "nixos-generators": "nixos-generators",
        "nixos-hardware": "nixos-hardware",
        "nixosModules": "nixosModules",
        "nixpkgs": "nixpkgs",
        "rock5c-nixos": "rock5c-nixos",
        "sops-nix": "sops-nix_2"
      }
    },
    "rust-overlay": {
      "inputs": {
        "nixpkgs": [
          "nixosModules",
          "repo-manager",
          "nixpkgs"
        ]
      },
      "locked": {
        "lastModified": 1789802016,
        "narHash": "sha256-QVFfArbYaQMGK4dFV+5RUL72Ci+hNHVhaF/R9qJfDhs=",
        "owner": "oxalica",
        "repo": "rust-overlay",
        "rev": "26a71e661c47bd21a05d06fec749f3f7c75e9d12",
        "type": "github"
      },
      "original": {
        "owner": "oxalica",
        "repo": "rust-overlay",
        "type": "github"
      }
    },
    "sops-nix": {
      "inputs": {
        "nixpkgs": [
          "nixosModules",
          "nixpkgs"
        ]
      },
      "locked": {
        "lastModified": 1789815532,
        "narHash": "sha256-/Ql9UE21iDwOU/JdPV20yZtaMpGf+iD2EhIA1aAi540=",
        "owner": "mic92",
        "repo": "sops-nix",
        "rev": "166fc0d3f4fcd0dfc9af102ba8e85fa5dd04e5f7",
        "type": "github"
      },
      "original": {
        "owner": "mic92",
        "repo": "sops-nix",
        "type": "github"
      }
    },
    "sops-nix_2": {
      "inputs": {
        "nixpkgs": [
          "nixosModules",
          "nixpkgs"
        ]
      },
      "locked": {
        "lastModified": 1788337237,
        "narHash": "sha256-gkSH8VUtCo6hnysNmb9DbTuDepH2t5pv+QWjP75xKAk=",
        "owner": "mic92",
        "repo": "sops-nix",
        "rev": "fbf759290e0cb0a98dfc813a4eb7d53ad1dacb57",
        "type": "github"
      },
      "original": {
        "owner": "mic92",
        "repo": "sops-nix",
        "type": "github"
      }
    }
  },
  "root": "root",
  "version": 7
}
